github.com/Ulbora/csvCleaner v1.0.0 h1:TWvqJM+eNzK7CglO2ypvbN/HwzwUdi03nAv78MYLCTg=
github.com/Ulbora/csvCleaner v1.0.0/go.mod h1:lxDyPhSpPiddO2HO/gcaHURgMBxAj2+HnYj3BK2E+ZU=
github.com/Ulbora/csvCleaner v1.0.1 h1:A/8jk7r4rngeiEB9H0dk6mxHYbUpYBTRk6/XEWrxjcs=
github.com/Ulbora/csvCleaner v1.0.1/go.mod h1:lxDyPhSpPiddO2HO/gcaHURgMBxAj2+HnYj3BK2E+ZU=
